
Microsoft Visual Studio Solution File, Format Version 12.00
# Visual Studio Version 16
VisualStudioVersion = 16.0.31624.102
MinimumVisualStudioVersion = 10.0.40219.1
Project("{FAE04EC0-301F-11D3-BF4B-00C04F79EFBC}") = "DevExtremeAspNetCoreApp1", "DevExtremeAspNetCoreApp1\DevExtremeAspNetCoreApp1.csproj", "{C3F93AD8-9017-4751-B693-E75A5295F277}"
EndProject
Project("{2150E333-8FDC-42A3-9474-1A3956D46DE8}") = "DevExtreme NuGet.config", "DevExtreme NuGet.config", "{659B8CE5-207D-48FC-BB5F-A27D0A33D9B4}"
	ProjectSection(SolutionItems) = preProject
		NuGet.config = NuGet.config
	EndProjectSection
EndProject
Global
	GlobalSection(SolutionConfigurationPlatforms) = preSolution
		Debug|Any CPU = Debug|Any CPU
		Release|Any CPU = Release|Any CPU
	EndGlobalSection
	GlobalSection(ProjectConfigurationPlatforms) = postSolution
		{C3F93AD8-9017-4751-B693-E75A5295F277}.Debug|Any CPU.ActiveCfg = Debug|Any CPU
		{C3F93AD8-9017-4751-B693-E75A5295F277}.Debug|Any CPU.Build.0 = Debug|Any CPU
		{C3F93AD8-9017-4751-B693-E75A5295F277}.Release|Any CPU.ActiveCfg = Release|Any CPU
		{C3F93AD8-9017-4751-B693-E75A5295F277}.Release|Any CPU.Build.0 = Release|Any CPU
	EndGlobalSection
	GlobalSection(SolutionProperties) = preSolution
		HideSolutionNode = FALSE
	EndGlobalSection
	GlobalSection(ExtensibilityGlobals) = postSolution
		SolutionGuid = {2A2BF9AA-48E4-40E3-B5DA-A5A78768F3E4}
	EndGlobalSection
EndGlobal
